
Microsoft Visual Studio Solution File, Format Version 12.00
# Visual Studio Version 16
VisualStudioVersion = 16.0.32126.315
MinimumVisualStudioVersion = 10.0.40219.1
Project("{FAE04EC0-301F-11D3-BF4B-00C04F79EFBC}") = "Kaffemaskine1", "Kaffemaskine1\Kaffemaskine1.csproj", "{CADFB3E5-DB6C-4B6E-83D5-FDBF0B38FF08}"
EndProject
Global
	GlobalSection(SolutionConfigurationPlatforms) = preSolution
		Debug|Any CPU = Debug|Any CPU
		Release|Any CPU = Release|Any CPU
	EndGlobalSection
	GlobalSection(ProjectConfigurationPlatforms) = postSolution
		{CADFB3E5-DB6C-4B6E-83D5-FDBF0B38FF08}.Debug|Any CPU.ActiveCfg = Debug|Any CPU
		{CADFB3E5-DB6C-4B6E-83D5-FDBF0B38FF08}.Debug|Any CPU.Build.0 = Debug|Any CPU
		{CADFB3E5-DB6C-4B6E-83D5-FDBF0B38FF08}.Release|Any CPU.ActiveCfg = Release|Any CPU
		{CADFB3E5-DB6C-4B6E-83D5-FDBF0B38FF08}.Release|Any CPU.Build.0 = Release|Any CPU
	EndGlobalSection
	GlobalSection(SolutionProperties) = preSolution
		HideSolutionNode = FALSE
	EndGlobalSection
	GlobalSection(ExtensibilityGlobals) = postSolution
		SolutionGuid = {444FB58F-FECC-4CAA-A624-2BB89794904F}
	EndGlobalSection
EndGlobal
